// !$*UTF8*$!
{
	archiveVersion = 1;
	classes = {
	};
	objectVersion = 46;
	objects = {

/* Begin PBXBuildFile section */
		3F3971841F15C10100A11ECF /* AppDelegate.swift in Sources */ = {isa = PBXBuildFile; fileRef = 3F3971831F15C10100A11ECF /* AppDelegate.swift */; };
		3F3971861F15C10100A11ECF /* ViewController.swift in Sources */ = {isa = PBXBuildFile; fileRef = 3F3971851F15C10100A11ECF /* ViewController.swift */; };
		3F3971891F15C10100A11ECF /* Main.storyboard in Resources */ = {isa = PBXBuildFile; fileRef = 3F3971871F15C10100A11ECF /* Main.storyboard */; };
		3F39718B1F15C10100A11ECF /* Assets.xcassets in Resources */ = {isa = PBXBuildFile; fileRef = 3F39718A1F15C10100A11ECF /* Assets.xcassets */; };
		3F39718E1F15C10100A11ECF /* LaunchScreen.storyboard in Resources */ = {isa = PBXBuildFile; fileRef = 3F39718C1F15C10100A11ECF /* LaunchScreen.storyboard */; };
		6286D9B3EBB916A35BAB9BAA /* Pods_oke.framework in Frameworks */ = {isa = PBXBuildFile; fileRef = 221CC8AD638835B623669A0E /* Pods_oke.framework */; };
/* End PBXBuildFile section */

/* Begin PBXFileReference section */
		1BBDF880F465D6A91B53C3F2 /* Pods-oke.release.xcconfig */ = {isa = PBXFileReference; includeInIndex = 1; lastKnownFileType = text.xcconfig; name = "Pods-oke.release.xcconfig"; path = "Pods/Target Support Files/Pods-oke/Pods-oke.release.xcconfig"; sourceTree = "<group>"; };
		221CC8AD638835B623669A0E /* Pods_oke.framework */ = {isa = PBXFileReference; explicitFileType = wrapper.framework; includeInIndex = 0; path = Pods_oke.framework; sourceTree = BUILT_PRODUCTS_DIR; };
		28D9EC363FEC3589088E5765 /* Pods-oke.debug.xcconfig */ = {isa = PBXFileReference; includeInIndex = 1; lastKnownFileType = text.xcconfig; name = "Pods-oke.debug.xcconfig"; path = "Pods/Target Support Files/Pods-oke/Pods-oke.debug.xcconfig"; sourceTree = "<group>"; };
		3F3971801F15C10100A11ECF /* oke.app */ = {isa = PBXFileReference; explicitFileType = wrapper.application; includeInIndex = 0; path = oke.app; sourceTree = BUILT_PRODUCTS_DIR; };
		3F3971831F15C10100A11ECF /* AppDelegate.swift */ = {isa = PBXFileReference; lastKnownFileType = sourcecode.swift; path = AppDelegate.swift; sourceTree = "<group>"; };
		3F3971851F15C10100A11ECF /* ViewController.swift */ = {isa = PBXFileReference; lastKnownFileType = sourcecode.swift; path = ViewController.swift; sourceTree = "<group>"; };
		3F3971881F15C10100A11ECF /* Base */ = {isa = PBXFileReference; lastKnownFileType = file.storyboard; name = Base; path = Base.lproj/Main.storyboard; sourceTree = "<group>"; };
		3F39718A1F15C10100A11ECF /* Assets.xcassets */ = {isa = PBXFileReference; lastKnownFileType = folder.assetcatalog; path = Assets.xcassets; sourceTree = "<group>"; };
		3F39718D1F15C10100A11ECF /* Base */ = {isa = PBXFileReference; lastKnownFileType = file.storyboard; name = Base; path = Base.lproj/LaunchScreen.storyboard; sourceTree = "<group>"; };
		3F39718F1F15C10100A11ECF /* Info.plist */ = {isa = PBXFileReference; lastKnownFileType = text.plist.xml; path = Info.plist; sourceTree = "<group>"; };
/* End PBXFileReference section */

/* Begin PBXFrameworksBuildPhase section */
		3F39717D1F15C10100A11ECF /* Frameworks */ = {
			isa = PBXFrameworksBuildPhase;
			buildActionMask = 2147483647;
			files = (
				6286D9B3EBB916A35BAB9BAA /* Pods_oke.framework in Frameworks */,
			);
			runOnlyForDeploymentPostprocessing = 0;
		};
/* End PBXFrameworksBuildPhase section */

/* Begin PBXGroup section */
		29A97B2DC3631AB273FFABEC /* Frameworks */ = {
			isa = PBXGroup;
			children = (
				221CC8AD638835B623669A0E /* Pods_oke.framework */,
			);
			name = Frameworks;
			sourceTree = "<group>";
		};
		3F3971771F15C10100A11ECF = {
			isa = PBXGroup;
			children = (
				3F3971821F15C10100A11ECF /* oke */,
				3F3971811F15C10100A11ECF /* Products */,
				C5DDEE02928B0CC779710B47 /* Pods */,
				29A97B2DC3631AB273FFABEC /* Frameworks */,
			);
			sourceTree = "<group>";
		};
		3F3971811F15C10100A11ECF /* Products */ = {
			isa = PBXGroup;
			children = (
				3F3971801F15C10100A11ECF /* oke.app */,
			);
			name = Products;
			sourceTree = "<group>";
		};
		3F3971821F15C10100A11ECF /* oke */ = {
			isa = PBXGroup;
			children = (
				3F3971831F15C10100A11ECF /* AppDelegate.swift */,
				3F3971851F15C10100A11ECF /* ViewController.swift */,
				3F3971871F15C10100A11ECF /* Main.storyboard */,
				3F39718A1F15C10100A11ECF /* Assets.xcassets */,
				3F39718C1F15C10100A11ECF /* LaunchScreen.storyboard */,
				3F39718F1F15C10100A11ECF /* Info.plist */,
			);
			path = oke;
			sourceTree = "<group>";
		};
		C5DDEE02928B0CC779710B47 /* Pods */ = {
			isa = PBXGroup;
			children = (
				28D9EC363FEC3589088E5765 /* Pods-oke.debug.xcconfig */,
				1BBDF880F465D6A91B53C3F2 /* Pods-oke.release.xcconfig */,
			);
			name = Pods;
			sourceTree = "<group>";
		};
/* End PBXGroup section */

/* Begin PBXNativeTarget section */
		3F39717F1F15C10100A11ECF /* oke */ = {
			isa = PBXNativeTarget;
			buildConfigurationList = 3F3971921F15C10100A11ECF /* Build configuration list for PBXNativeTarget "oke" */;
			buildPhases = (
				D00F42218DA73419A9BD8244 /* [CP] Check Pods Manifest.lock */,
				3F39717C1F15C10100A11ECF /* Sources */,
				3F39717D1F15C10100A11ECF /* Frameworks */,
				3F39717E1F15C10100A11ECF /* Resources */,
				E185AF8290EFDF0117E36A88 /* [CP] Embed Pods Frameworks */,
				71C1B7E5A825CD8B608B954F /* [CP] Copy Pods Resources */,
			);
			buildRules = (
			);
			dependencies = (
			);
			name = oke;
			productName = oke;
			productReference = 3F3971801F15C10100A11ECF /* oke.app */;
			productType = "com.apple.product-type.application";
		};
/* End PBXNativeTarget section */

/* Begin PBXProject section */
		3F3971781F15C10100A11ECF /* Project object */ = {
			isa = PBXProject;
			attributes = {
				LastSwiftUpdateCheck = 0830;
				LastUpgradeCheck = 0830;
				ORGANIZATIONNAME = Student;
				TargetAttributes = {
					3F39717F1F15C10100A11ECF = {
						CreatedOnToolsVersion = 8.3.2;
						DevelopmentTeam = 5J3T7PP7ZF;
						ProvisioningStyle = Automatic;
					};
				};
			};
			buildConfigurationList = 3F39717B1F15C10100A11ECF /* Build configuration list for PBXProject "oke" */;
			compatibilityVersion = "Xcode 3.2";
			developmentRegion = English;
			hasScannedForEncodings = 0;
			knownRegions = (
				en,
				Base,
			);
			mainGroup = 3F3971771F15C10100A11ECF;
			productRefGroup = 3F3971811F15C10100A11ECF /* Products */;
			projectDirPath = "";
			projectRoot = "";
			targets = (
				3F39717F1F15C10100A11ECF /* oke */,
			);
		};
/* End PBXProject section */

/* Begin PBXResourcesBuildPhase section */
		3F39717E1F15C10100A11ECF /* Resources */ = {
			isa = PBXResourcesBuildPhase;
			buildActionMask = 2147483647;
			files = (
				3F39718E1F15C10100A11ECF /* LaunchScreen.storyboard in Resources */,
				3F39718B1F15C10100A11ECF /* Assets.xcassets in Resources */,
				3F3971891F15C10100A11ECF /* Main.storyboard in Resources */,
			);
			runOnlyForDeploymentPostprocessing = 0;
		};
/* End PBXResourcesBuildPhase section */

/* Begin PBXShellScriptBuildPhase section */
		71C1B7E5A825CD8B608B954F /* [CP] Copy Pods Resources */ = {
			isa = PBXShellScriptBuildPhase;
			buildActionMask = 2147483647;
			files = (
			);
			inputPaths = (
			);
			name = "[CP] Copy Pods Resources";
			outputPaths = (
			);
			runOnlyForDeploymentPostprocessing = 0;
			shellPath = /bin/sh;
			shellScript = "\"${SRCROOT}/Pods/Target Support Files/Pods-oke/Pods-oke-resources.sh\"\n";
			showEnvVarsInLog = 0;
		};
		D00F42218DA73419A9BD8244 /* [CP] Check Pods Manifest.lock */ = {
			isa = PBXShellScriptBuildPhase;
			buildActionMask = 2147483647;
			files = (
			);
			inputPaths = (
			);
			name = "[CP] Check Pods Manifest.lock";
			outputPaths = (
			);
			runOnlyForDeploymentPostprocessing = 0;
			shellPath = /bin/sh;
			shellScript = "diff \"${PODS_PODFILE_DIR_PATH}/Podfile.lock\" \"${PODS_ROOT}/Manifest.lock\" > /dev/null\nif [ $? != 0 ] ; then\n    # print error to STDERR\n    echo \"error: The sandbox is not in sync with the Podfile.lock. Run 'pod install' or update your CocoaPods installation.\" >&2\n    exit 1\nfi\n";
			showEnvVarsInLog = 0;
		};
		E185AF8290EFDF0117E36A88 /* [CP] Embed Pods Frameworks */ = {
			isa = PBXShellScriptBuildPhase;
			buildActionMask = 2147483647;
			files = (
			);
			inputPaths = (
			);
			name = "[CP] Embed Pods Frameworks";
			outputPaths = (
			);
			runOnlyForDeploymentPostprocessing = 0;
			shellPath = /bin/sh;
			shellScript = "\"${SRCROOT}/Pods/Target Support Files/Pods-oke/Pods-oke-frameworks.sh\"\n";
			showEnvVarsInLog = 0;
		};
/* End PBXShellScriptBuildPhase section */

/* Begin PBXSourcesBuildPhase section */
		3F39717C1F15C10100A11ECF /* Sources */ = {
			isa = PBXSourcesBuildPhase;
			buildActionMask = 2147483647;
			files = (
				3F3971861F15C10100A11ECF /* ViewController.swift in Sources */,
				3F3971841F15C10100A11ECF /* AppDelegate.swift in Sources */,
			);
			runOnlyForDeploymentPostprocessing = 0;
		};
/* End PBXSourcesBuildPhase section */

/* Begin PBXVariantGroup section */
		3F3971871F15C10100A11ECF /* Main.storyboard */ = {
			isa = PBXVariantGroup;
			children = (
				3F3971881F15C10100A11ECF /* Base */,
			);
			name = Main.storyboard;
			sourceTree = "<group>";
		};
		3F39718C1F15C10100A11ECF /* LaunchScreen.storyboard */ = {
			isa = PBXVariantGroup;
			children = (
				3F39718D1F15C10100A11ECF /* Base */,
			);
			name = LaunchScreen.storyboard;
			sourceTree = "<group>";
		};
/* End PBXVariantGroup section */

/* Begin XCBuildConfiguration section */
		3F3971901F15C10100A11ECF /* Debug */ = {
			isa = XCBuildConfiguration;
			buildSettings = {
				ALWAYS_SEARCH_USER_PATHS = NO;
				CLANG_ANALYZER_NONNULL = YES;
				CLANG_ANALYZER_NUMBER_OBJECT_CONVERSION = YES_AGGRESSIVE;
				CLANG_CXX_LANGUAGE_STANDARD = "gnu++0x";
				CLANG_CXX_LIBRARY = "libc++";
				CLANG_ENABLE_MODULES = YES;
				CLANG_ENABLE_OBJC_ARC = YES;
				CLANG_WARN_BOOL_CONVERSION = YES;
				CLANG_WARN_CONSTANT_CONVERSION = YES;
				CLANG_WARN_DIRECT_OBJC_ISA_USAGE = YES_ERROR;
				CLANG_WARN_DOCUMENTATION_COMMENTS = YES;
				CLANG_WARN_EMPTY_BODY = YES;
				CLANG_WARN_ENUM_CONVERSION = YES;
				CLANG_WARN_INFINITE_RECURSION = YES;
				CLANG_WARN_INT_CONVERSION = YES;
				CLANG_WARN_OBJC_ROOT_CLASS = YES_ERROR;
				CLANG_WARN_SUSPICIOUS_MOVE = YES;
				CLANG_WARN_UNREACHABLE_CODE = YES;
				CLANG_WARN__DUPLICATE_METHOD_MATCH = YES;
				"CODE_SIGN_IDENTITY[sdk=iphoneos*]" = "iPhone Developer";
				COPY_PHASE_STRIP = NO;
				DEBUG_INFORMATION_FORMAT = dwarf;
				ENABLE_STRICT_OBJC_MSGSEND = YES;
				ENABLE_TESTABILITY = YES;
				GCC_C_LANGUAGE_STANDARD = gnu99;
				GCC_DYNAMIC_NO_PIC = NO;
				GCC_NO_COMMON_BLOCKS = YES;
				GCC_OPTIMIZATION_LEVEL = 0;
				GCC_PREPROCESSOR_DEFINITIONS = (
					"DEBUG=1",
					"$(inherited)",
				);
				GCC_WARN_64_TO_32_BIT_CONVERSION = YES;
				GCC_WARN_ABOUT_RETURN_TYPE = YES_ERROR;
				GCC_WARN_UNDECLARED_SELECTOR = YES;
				GCC_WARN_UNINITIALIZED_AUTOS = YES_AGGRESSIVE;
				GCC_WARN_UNUSED_FUNCTION = YES;
				GCC_WARN_UNUSED_VARIABLE = YES;
				IPHONEOS_DEPLOYMENT_TARGET = 10.3;
				MTL_ENABLE_DEBUG_INFO = YES;
				ONLY_ACTIVE_ARCH = YES;
				SDKROOT = iphoneos;
				SWIFT_ACTIVE_COMPILATION_CONDITIONS = DEBUG;
				SWIFT_OPTIMIZATION_LEVEL = "-Onone";
			};
			name = Debug;
		};
		3F3971911F15C10100A11ECF /* Release */ = {
			isa = XCBuildConfiguration;
			buildSettings = {
				ALWAYS_SEARCH_USER_PATHS = NO;
				CLANG_ANALYZER_NONNULL = YES;
				CLANG_ANALYZER_NUMBER_OBJECT_CONVERSION = YES_AGGRESSIVE;
				CLANG_CXX_LANGUAGE_STANDARD = "gnu++0x";
				CLANG_CXX_LIBRARY = "libc++";
				CLANG_ENABLE_MODULES = YES;
				CLANG_ENABLE_OBJC_ARC = YES;
				CLANG_WARN_BOOL_CONVERSION = YES;
				CLANG_WARN_CONSTANT_CONVERSION = YES;
				CLANG_WARN_DIRECT_OBJC_ISA_USAGE = YES_ERROR;
				CLANG_WARN_DOCUMENTATION_COMMENTS = YES;
				CLANG_WARN_EMPTY_BODY = YES;
				CLANG_WARN_ENUM_CONVERSION = YES;
				CLANG_WARN_INFINITE_RECURSION = YES;
				CLANG_WARN_INT_CONVERSION = YES;
				CLANG_WARN_OBJC_ROOT_CLASS = YES_ERROR;
				CLANG_WARN_SUSPICIOUS_MOVE = YES;
				CLANG_WARN_UNREACHABLE_CODE = YES;
				CLANG_WARN__DUPLICATE_METHOD_MATCH = YES;
				"CODE_SIGN_IDENTITY[sdk=iphoneos*]" = "iPhone Developer";
				COPY_PHASE_STRIP = NO;
				DEBUG_INFORMATION_FORMAT = "dwarf-with-dsym";
				ENABLE_NS_ASSERTIONS = NO;
				ENABLE_STRICT_OBJC_MSGSEND = YES;
				GCC_C_LANGUAGE_STANDARD = gnu99;
				GCC_NO_COMMON_BLOCKS = YES;
				GCC_WARN_64_TO_32_BIT_CONVERSION = YES;
				GCC_WARN_ABOUT_RETURN_TYPE = YES_ERROR;
				GCC_WARN_UNDECLARED_SELECTOR = YES;
				GCC_WARN_UNINITIALIZED_AUTOS = YES_AGGRESSIVE;
				GCC_WARN_UNUSED_FUNCTION = YES;
				GCC_WARN_UNUSED_VARIABLE = YES;
				IPHONEOS_DEPLOYMENT_TARGET = 10.3;
				MTL_ENABLE_DEBUG_INFO = NO;
				SDKROOT = iphoneos;
				SWIFT_OPTIMIZATION_LEVEL = "-Owholemodule";
				VALIDATE_PRODUCT = YES;
			};
			name = Release;
		};
		3F3971931F15C10100A11ECF /* Debug */ = {
			isa = XCBuildConfiguration;
			baseConfigurationReference = 28D9EC363FEC3589088E5765 /* Pods-oke.debug.xcconfig */;
			buildSettings = {
				ASSETCATALOG_COMPILER_APPICON_NAME = AppIcon;
				CODE_SIGN_IDENTITY = "";
				"CODE_SIGN_IDENTITY[sdk=iphoneos*]" = "iPhone Developer";
				DEVELOPMENT_TEAM = 5J3T7PP7ZF;
				INFOPLIST_FILE = oke/Info.plist;
				IPHONEOS_DEPLOYMENT_TARGET = 10.3;
				LD_RUNPATH_SEARCH_PATHS = "$(inherited) @executable_path/Frameworks";
				PRODUCT_BUNDLE_IDENTIFIER = jp.ac.school.oke;
				PRODUCT_NAME = "$(TARGET_NAME)";
				PROVISIONING_PROFILE_SPECIFIER = "";
				SWIFT_VERSION = 3.0;
			};
			name = Debug;
		};
		3F3971941F15C10100A11ECF /* Release */ = {
			isa = XCBuildConfiguration;
			baseConfigurationReference = 1BBDF880F465D6A91B53C3F2 /* Pods-oke.release.xcconfig */;
			buildSettings = {
				ASSETCATALOG_COMPILER_APPICON_NAME = AppIcon;
				CODE_SIGN_IDENTITY = "";
				"CODE_SIGN_IDENTITY[sdk=iphoneos*]" = "iPhone Developer";
				DEVELOPMENT_TEAM = 5J3T7PP7ZF;
				INFOPLIST_FILE = oke/Info.plist;
				IPHONEOS_DEPLOYMENT_TARGET = 10.3;
				LD_RUNPATH_SEARCH_PATHS = "$(inherited) @executable_path/Frameworks";
				ONLY_ACTIVE_ARCH = YES;
				PRODUCT_BUNDLE_IDENTIFIER = jp.ac.school.oke;
				PRODUCT_NAME = "$(TARGET_NAME)";
				PROVISIONING_PROFILE_SPECIFIER = "";
				SWIFT_VERSION = 3.0;
			};
			name = Release;
		};
/* End XCBuildConfiguration section */

/* Begin XCConfigurationList section */
		3F39717B1F15C10100A11ECF /* Build configuration list for PBXProject "oke" */ = {
			isa = XCConfigurationList;
			buildConfigurations = (
				3F3971901F15C10100A11ECF /* Debug */,
				3F3971911F15C10100A11ECF /* Release */,
			);
			defaultConfigurationIsVisible = 0;
			defaultConfigurationName = Release;
		};
		3F3971921F15C10100A11ECF /* Build configuration list for PBXNativeTarget "oke" */ = {
			isa = XCConfigurationList;
			buildConfigurations = (
				3F3971931F15C10100A11ECF /* Debug */,
				3F3971941F15C10100A11ECF /* Release */,
			);
			defaultConfigurationIsVisible = 0;
			defaultConfigurationName = Release;
		};
/* End XCConfigurationList section */
	};
	rootObject = 3F3971781F15C10100A11ECF /* Project object */;
}
